# THIS IS AN AUTOGENERATED FILE. DO NOT EDIT THIS FILE DIRECTLY.
# yarn lockfile v1


"@nestjs/cache-manager@^2.1.1":
  version "2.1.1"
  resolved "https://registry.yarnpkg.com/@nestjs/cache-manager/-/cache-manager-2.1.1.tgz#abc042c6ac83400c64fd293b48ddb2dec99f6096"
  integrity sha512-oYfRys4Ng0zp2HTUPNjH7gizf4vvG3PQZZ+3yGemb3xrF+p3JxDSK0cDq9NTjHzD5UmhjiyAftB9GkuL+t3r9g==

cache-manager@^5.3.1:
  version "5.3.1"
  resolved "https://registry.yarnpkg.com/cache-manager/-/cache-manager-5.3.1.tgz#80e4edd593b2d7f7b2b2199dc6fbb4748432bc47"
  integrity sha512-9HP6nc1ZqyZgcVEpy5XS2ns9MYE6cPEM6InA1wQhR6M7GviJzLH2NTFYnf3NEfRmLE351NCSkDo2VISX8dlG+w==
  dependencies:
    lodash.clonedeep "^4.5.0"
    lru-cache "^10.0.2"
    promise-coalesce "^1.1.1"

lodash.clonedeep@^4.5.0:
  version "4.5.0"
  resolved "https://registry.yarnpkg.com/lodash.clonedeep/-/lodash.clonedeep-4.5.0.tgz#e23f3f9c4f8fbdde872529c1071857a086e5ccef"
  integrity sha512-H5ZhCF25riFd9uB5UCkVKo61m3S/xZk1x4wA6yp/L3RFP6Z/eHH1ymQcGLo7J3GMPfm0V/7m1tryHuGVxpqEBQ==

lru-cache@^10.0.2:
  version "10.1.0"
  resolved "https://registry.yarnpkg.com/lru-cache/-/lru-cache-10.1.0.tgz#2098d41c2dc56500e6c88584aa656c84de7d0484"
  integrity sha512-/1clY/ui8CzjKFyjdvwPWJUYKiFVXG2I2cY0ssG7h4+hwk+XOIX7ZSG9Q7TW8TW3Kp3BUSqgFWBLgL4PJ+Blag==

promise-coalesce@^1.1.1:
  version "1.1.1"
  resolved "https://registry.yarnpkg.com/promise-coalesce/-/promise-coalesce-1.1.1.tgz#01f0d4c06060507fb0ca1f1cca8fa90ada1e22ba"
  integrity sha512-k7+VaIwZc5dRfSF6RELqRY1+LCmcCkrnuNV9HzIpA6iwRHKke+j9yb0LBTTHQ2RRgf6AlMl9TntuTzcgV/BZwg==
